
Microsoft Visual Studio Solution File, Format Version 12.00
# Visual Studio 14
VisualStudioVersion = 14.0.23107.0
MinimumVisualStudioVersion = 10.0.40219.1
Project("{888888A0-9F3D-457C-B088-3A5042F75D52}") = "TestTextApplication", "TestTextApplication\TestTextApplication.pyproj", "{7CAE16F2-75B6-414B-8785-86A1FDC6B7B7}"
EndProject
Global
	GlobalSection(SolutionConfigurationPlatforms) = preSolution
		Debug|Any CPU = Debug|Any CPU
		Release|Any CPU = Release|Any CPU
	EndGlobalSection
	GlobalSection(ProjectConfigurationPlatforms) = postSolution
		{7CAE16F2-75B6-414B-8785-86A1FDC6B7B7}.Debug|Any CPU.ActiveCfg = Debug|Any CPU
		{7CAE16F2-75B6-414B-8785-86A1FDC6B7B7}.Release|Any CPU.ActiveCfg = Release|Any CPU
	EndGlobalSection
	GlobalSection(SolutionProperties) = preSolution
		HideSolutionNode = FALSE
	EndGlobalSection
EndGlobal
